Microsoft Visual Studio Solution File, Format Version 12.00
# Visual Studio Version 17
VisualStudioVersion = 17.5.2.0
MinimumVisualStudioVersion = 10.0.40219.1
Project("{FAE04EC0-301F-11D3-BF4B-00C04F79EFBC}") = "ComunidadeCulinaria", "ComunidadeCulinaria.csproj", "{3142BAC1-5296-686F-7B34-C3530766F935}"
EndProject
Global
	GlobalSection(SolutionConfigurationPlatforms) = preSolution
		Debug|Any CPU = Debug|Any CPU
		Release|Any CPU = Release|Any CPU
	EndGlobalSection
	GlobalSection(ProjectConfigurationPlatforms) = postSolution
		{3142BAC1-5296-686F-7B34-C3530766F935}.Debug|Any CPU.ActiveCfg = Debug|Any CPU
		{3142BAC1-5296-686F-7B34-C3530766F935}.Debug|Any CPU.Build.0 = Debug|Any CPU
		{3142BAC1-5296-686F-7B34-C3530766F935}.Release|Any CPU.ActiveCfg = Release|Any CPU
		{3142BAC1-5296-686F-7B34-C3530766F935}.Release|Any CPU.Build.0 = Release|Any CPU
	EndGlobalSection
	GlobalSection(SolutionProperties) = preSolution
		HideSolutionNode = FALSE
	EndGlobalSection
	GlobalSection(ExtensibilityGlobals) = postSolution
		SolutionGuid = {5391B3E7-6164-478D-8676-3576253AA867}
	EndGlobalSection
EndGlobal
